<?xml version="1.0" encoding="utf-8"?>
<Project ToolsVersion="4.0" xmlns="http://schemas.microsoft.com/developer/msbuild/2003">
  <ItemGroup>
    <Filter Include="Source Files">
      <UniqueIdentifier>{0345959d-defe-410f-91af-9127500c408a}</UniqueIdentifier>
      <Extensions>cpp;c;cc;cxx;cu;cuh</Extensions>
    </Filter>
    <Filter Include="Header Files">
      <UniqueIdentifier>{6094b7c2-74fa-4b6d-968a-5b4f68f1bddc}</UniqueIdentifier>
      <Extensions>h;hpp;hxx;hm;inl;inc;xsd;</Extensions>
    </Filter>
    <Filter Include="Resource Files">
      <UniqueIdentifier>{35c1d3a7-9f5f-476f-ad91-3ea32fc496cf}</UniqueIdentifier>
      <Extensions>rc;ico;cur;bmp;dlg;def;rc2;rct;bin;rgs;gif;jpg;jpeg;jpe;resx;tiff;tif;png;wav</Extensions>
    </Filter>
  </ItemGroup>
  <ItemGroup>
    <None Include="matlab.def">
      <Filter>Resource Files</Filter>
    </None>
  </ItemGroup>
  <ItemGroup>
    <ClCompile Include="mexFunction.cpp">
      <Filter>Source Files</Filter>
    </ClCompile>
    <ClCompile Include="Model_Localization.cpp">
      <Filter>Source Files</Filter>
    </ClCompile>
  </ItemGroup>
  <ItemGroup>
    <CudaCompile Include="wrapper.cu">
      <Filter>Source Files</Filter>
    </CudaCompile>
    <CudaCompile Include="kernel.cu">
      <Filter>Source Files</Filter>
    </CudaCompile>
    <CudaCompile Include="kernel_localization.cu">
      <Filter>Source Files</Filter>
    </CudaCompile>
    <CudaCompile Include="kernel_LL.cu">
      <Filter>Source Files</Filter>
    </CudaCompile>
    <CudaCompile Include="kernel_crlb.cu">
      <Filter>Source Files</Filter>
    </CudaCompile>
  </ItemGroup>
  <ItemGroup>
    <ClInclude Include="definitions.h">
      <Filter>Header Files</Filter>
    </ClInclude>
    <ClInclude Include="kernel.h">
      <Filter>Header Files</Filter>
    </ClInclude>
    <ClInclude Include="Model_Localization.hpp">
      <Filter>Header Files</Filter>
    </ClInclude>
    <ClInclude Include="MatInvLib.h">
      <Filter>Header Files</Filter>
    </ClInclude>
  </ItemGroup>
</Project>